
Microsoft Visual Studio Solution File, Format Version 11.00
# Visual Studio 2010
Project("{8BC9CEB8-8B4A-11D0-8D11-00A0C91BC942}") = "4.2_FindFirstVolume", "4.2_FindFirstVolume\4.2_FindFirstVolume.vcxproj", "{481F2AB5-A4CA-4C33-958E-8D6C9AB14CB6}"
EndProject
Global
	GlobalSection(SolutionConfigurationPlatforms) = preSolution
		Debug|Win32 = Debug|Win32
		Release|Win32 = Release|Win32
	EndGlobalSection
	GlobalSection(ProjectConfigurationPlatforms) = postSolution
		{481F2AB5-A4CA-4C33-958E-8D6C9AB14CB6}.Debug|Win32.ActiveCfg = Debug|Win32
		{481F2AB5-A4CA-4C33-958E-8D6C9AB14CB6}.Debug|Win32.Build.0 = Debug|Win32
		{481F2AB5-A4CA-4C33-958E-8D6C9AB14CB6}.Release|Win32.ActiveCfg = Release|Win32
		{481F2AB5-A4CA-4C33-958E-8D6C9AB14CB6}.Release|Win32.Build.0 = Release|Win32
	EndGlobalSection
	GlobalSection(SolutionProperties) = preSolution
		HideSolutionNode = FALSE
	EndGlobalSection
EndGlobal
