
Microsoft Visual Studio Solution File, Format Version 11.00
# Visual Studio 2010
Project("{8BC9CEB8-8B4A-11D0-8D11-00A0C91BC942}") = "13.1_GDI", "13.1_GDI\13.1_GDI.vcxproj", "{DBA6630D-6B18-4731-B978-B1A6D519B7C3}"
EndProject
Global
	GlobalSection(SolutionConfigurationPlatforms) = preSolution
		Debug|Win32 = Debug|Win32
		Release|Win32 = Release|Win32
	EndGlobalSection
	GlobalSection(ProjectConfigurationPlatforms) = postSolution
		{DBA6630D-6B18-4731-B978-B1A6D519B7C3}.Debug|Win32.ActiveCfg = Debug|Win32
		{DBA6630D-6B18-4731-B978-B1A6D519B7C3}.Debug|Win32.Build.0 = Debug|Win32
		{DBA6630D-6B18-4731-B978-B1A6D519B7C3}.Release|Win32.ActiveCfg = Release|Win32
		{DBA6630D-6B18-4731-B978-B1A6D519B7C3}.Release|Win32.Build.0 = Release|Win32
	EndGlobalSection
	GlobalSection(SolutionProperties) = preSolution
		HideSolutionNode = FALSE
	EndGlobalSection
EndGlobal
