
Microsoft Visual Studio Solution File, Format Version 11.00
# Visual Studio 2010
Project("{8BC9CEB8-8B4A-11D0-8D11-00A0C91BC942}") = "4.7_FileCreateOpenWr", "4.7_FileCreateOpenWr\4.7_FileCreateOpenWr.vcxproj", "{FBC536E8-FB78-48DD-9B82-D9038325D1B4}"
EndProject
Global
	GlobalSection(SolutionConfigurationPlatforms) = preSolution
		Debug|Win32 = Debug|Win32
		Release|Win32 = Release|Win32
	EndGlobalSection
	GlobalSection(ProjectConfigurationPlatforms) = postSolution
		{FBC536E8-FB78-48DD-9B82-D9038325D1B4}.Debug|Win32.ActiveCfg = Debug|Win32
		{FBC536E8-FB78-48DD-9B82-D9038325D1B4}.Debug|Win32.Build.0 = Debug|Win32
		{FBC536E8-FB78-48DD-9B82-D9038325D1B4}.Release|Win32.ActiveCfg = Release|Win32
		{FBC536E8-FB78-48DD-9B82-D9038325D1B4}.Release|Win32.Build.0 = Release|Win32
	EndGlobalSection
	GlobalSection(SolutionProperties) = preSolution
		HideSolutionNode = FALSE
	EndGlobalSection
EndGlobal
